
Microsoft Visual Studio Solution File, Format Version 12.00
# Visual Studio 2017
Project("{FAE04EC0-301F-11D3-BF4B-00C04F79EFBC}") = "ex0_data_acquisition.Plugins", "ex0_data_acquisition.Plugins.csproj", "{1F72C9E7-036F-8277-03BA-51CAA4B188A9}"
EndProject
Project("{FAE04EC0-301F-11D3-BF4B-00C04F79EFBC}") = "ex0_data_acquisition", "ex0_data_acquisition.csproj", "{E74E2E00-735F-2106-BF0A-DD5CC7402F73}"
EndProject
Project("{FAE04EC0-301F-11D3-BF4B-00C04F79EFBC}") = "ex0_data_acquisition.Editor", "ex0_data_acquisition.Editor.csproj", "{F151E32A-F206-BFF9-892B-9C47E4FB699F}"
EndProject
Global
	GlobalSection(SolutionConfigurationPlatforms) = preSolution
		Debug|Any CPU = Debug|Any CPU
		Release|Any CPU = Release|Any CPU
	EndGlobalSection
	GlobalSection(ProjectConfigurationPlatforms) = postSolution
		{1F72C9E7-036F-8277-03BA-51CAA4B188A9}.Debug|Any CPU.ActiveCfg = Debug|Any CPU
		{1F72C9E7-036F-8277-03BA-51CAA4B188A9}.Debug|Any CPU.Build.0 = Debug|Any CPU
		{1F72C9E7-036F-8277-03BA-51CAA4B188A9}.Release|Any CPU.ActiveCfg = Release|Any CPU
		{1F72C9E7-036F-8277-03BA-51CAA4B188A9}.Release|Any CPU.Build.0 = Release|Any CPU
		{E74E2E00-735F-2106-BF0A-DD5CC7402F73}.Debug|Any CPU.ActiveCfg = Debug|Any CPU
		{E74E2E00-735F-2106-BF0A-DD5CC7402F73}.Debug|Any CPU.Build.0 = Debug|Any CPU
		{E74E2E00-735F-2106-BF0A-DD5CC7402F73}.Release|Any CPU.ActiveCfg = Release|Any CPU
		{E74E2E00-735F-2106-BF0A-DD5CC7402F73}.Release|Any CPU.Build.0 = Release|Any CPU
		{F151E32A-F206-BFF9-892B-9C47E4FB699F}.Debug|Any CPU.ActiveCfg = Debug|Any CPU
		{F151E32A-F206-BFF9-892B-9C47E4FB699F}.Debug|Any CPU.Build.0 = Debug|Any CPU
		{F151E32A-F206-BFF9-892B-9C47E4FB699F}.Release|Any CPU.ActiveCfg = Release|Any CPU
		{F151E32A-F206-BFF9-892B-9C47E4FB699F}.Release|Any CPU.Build.0 = Release|Any CPU
	EndGlobalSection
	GlobalSection(SolutionProperties) = preSolution
		HideSolutionNode = FALSE
	EndGlobalSection
EndGlobal
