
Microsoft Visual Studio Solution File, Format Version 12.00
# Visual Studio 2017
Project("{FAE04EC0-301F-11D3-BF4B-00C04F79EFBC}") = "ex00_test.Plugins", "ex00_test.Plugins.csproj", "{F1965E4C-7819-CD28-BB8D-94E054725873}"
EndProject
Project("{FAE04EC0-301F-11D3-BF4B-00C04F79EFBC}") = "ex00_test", "ex00_test.csproj", "{4DDEB8D0-4E5A-3B93-336A-C70BFC312A12}"
EndProject
Project("{FAE04EC0-301F-11D3-BF4B-00C04F79EFBC}") = "ex00_test.Editor", "ex00_test.Editor.csproj", "{C061E430-F451-3CDE-6933-D28309F09D6B}"
EndProject
Global
	GlobalSection(SolutionConfigurationPlatforms) = preSolution
		Debug|Any CPU = Debug|Any CPU
		Release|Any CPU = Release|Any CPU
	EndGlobalSection
	GlobalSection(ProjectConfigurationPlatforms) = postSolution
		{F1965E4C-7819-CD28-BB8D-94E054725873}.Debug|Any CPU.ActiveCfg = Debug|Any CPU
		{F1965E4C-7819-CD28-BB8D-94E054725873}.Debug|Any CPU.Build.0 = Debug|Any CPU
		{F1965E4C-7819-CD28-BB8D-94E054725873}.Release|Any CPU.ActiveCfg = Release|Any CPU
		{F1965E4C-7819-CD28-BB8D-94E054725873}.Release|Any CPU.Build.0 = Release|Any CPU
		{4DDEB8D0-4E5A-3B93-336A-C70BFC312A12}.Debug|Any CPU.ActiveCfg = Debug|Any CPU
		{4DDEB8D0-4E5A-3B93-336A-C70BFC312A12}.Debug|Any CPU.Build.0 = Debug|Any CPU
		{4DDEB8D0-4E5A-3B93-336A-C70BFC312A12}.Release|Any CPU.ActiveCfg = Release|Any CPU
		{4DDEB8D0-4E5A-3B93-336A-C70BFC312A12}.Release|Any CPU.Build.0 = Release|Any CPU
		{C061E430-F451-3CDE-6933-D28309F09D6B}.Debug|Any CPU.ActiveCfg = Debug|Any CPU
		{C061E430-F451-3CDE-6933-D28309F09D6B}.Debug|Any CPU.Build.0 = Debug|Any CPU
		{C061E430-F451-3CDE-6933-D28309F09D6B}.Release|Any CPU.ActiveCfg = Release|Any CPU
		{C061E430-F451-3CDE-6933-D28309F09D6B}.Release|Any CPU.Build.0 = Release|Any CPU
	EndGlobalSection
	GlobalSection(SolutionProperties) = preSolution
		HideSolutionNode = FALSE
	EndGlobalSection
EndGlobal
