
Microsoft Visual Studio Solution File, Format Version 12.00
# Visual Studio 2017
Project("{FAE04EC0-301F-11D3-BF4B-00C04F79EFBC}") = "New Unity Project 4.Plugins", "New Unity Project 4.Plugins.csproj", "{E8C5B7A8-3C31-DCDD-2FD3-0F1F08613B05}"
EndProject
Project("{FAE04EC0-301F-11D3-BF4B-00C04F79EFBC}") = "New Unity Project 4", "New Unity Project 4.csproj", "{E01469DE-7251-E1CD-68BD-002DCF51F92C}"
EndProject
Project("{FAE04EC0-301F-11D3-BF4B-00C04F79EFBC}") = "New Unity Project 4.Editor", "New Unity Project 4.Editor.csproj", "{970A2EB6-EBE2-C6BA-892C-E8FFF66C8333}"
EndProject
Global
	GlobalSection(SolutionConfigurationPlatforms) = preSolution
		Debug|Any CPU = Debug|Any CPU
		Release|Any CPU = Release|Any CPU
	EndGlobalSection
	GlobalSection(ProjectConfigurationPlatforms) = postSolution
		{E8C5B7A8-3C31-DCDD-2FD3-0F1F08613B05}.Debug|Any CPU.ActiveCfg = Debug|Any CPU
		{E8C5B7A8-3C31-DCDD-2FD3-0F1F08613B05}.Debug|Any CPU.Build.0 = Debug|Any CPU
		{E8C5B7A8-3C31-DCDD-2FD3-0F1F08613B05}.Release|Any CPU.ActiveCfg = Release|Any CPU
		{E8C5B7A8-3C31-DCDD-2FD3-0F1F08613B05}.Release|Any CPU.Build.0 = Release|Any CPU
		{E01469DE-7251-E1CD-68BD-002DCF51F92C}.Debug|Any CPU.ActiveCfg = Debug|Any CPU
		{E01469DE-7251-E1CD-68BD-002DCF51F92C}.Debug|Any CPU.Build.0 = Debug|Any CPU
		{E01469DE-7251-E1CD-68BD-002DCF51F92C}.Release|Any CPU.ActiveCfg = Release|Any CPU
		{E01469DE-7251-E1CD-68BD-002DCF51F92C}.Release|Any CPU.Build.0 = Release|Any CPU
		{970A2EB6-EBE2-C6BA-892C-E8FFF66C8333}.Debug|Any CPU.ActiveCfg = Debug|Any CPU
		{970A2EB6-EBE2-C6BA-892C-E8FFF66C8333}.Debug|Any CPU.Build.0 = Debug|Any CPU
		{970A2EB6-EBE2-C6BA-892C-E8FFF66C8333}.Release|Any CPU.ActiveCfg = Release|Any CPU
		{970A2EB6-EBE2-C6BA-892C-E8FFF66C8333}.Release|Any CPU.Build.0 = Release|Any CPU
	EndGlobalSection
	GlobalSection(SolutionProperties) = preSolution
		HideSolutionNode = FALSE
	EndGlobalSection
EndGlobal
