
Microsoft Visual Studio Solution File, Format Version 12.00
# Visual Studio 2017
Project("{FAE04EC0-301F-11D3-BF4B-00C04F79EFBC}") = "New Unity Project 2.Plugins", "New Unity Project 2.Plugins.csproj", "{E3CAFF30-0448-FD92-C5EB-BD7D84316A03}"
EndProject
Project("{FAE04EC0-301F-11D3-BF4B-00C04F79EFBC}") = "New Unity Project 2", "New Unity Project 2.csproj", "{E0234116-EE03-8A80-4165-6D38E2F3BA15}"
EndProject
Project("{FAE04EC0-301F-11D3-BF4B-00C04F79EFBC}") = "New Unity Project 2.Editor", "New Unity Project 2.Editor.csproj", "{9A3EA05B-343A-363D-65E8-BAE30F656D72}"
EndProject
Global
	GlobalSection(SolutionConfigurationPlatforms) = preSolution
		Debug|Any CPU = Debug|Any CPU
		Release|Any CPU = Release|Any CPU
	EndGlobalSection
	GlobalSection(ProjectConfigurationPlatforms) = postSolution
		{E3CAFF30-0448-FD92-C5EB-BD7D84316A03}.Debug|Any CPU.ActiveCfg = Debug|Any CPU
		{E3CAFF30-0448-FD92-C5EB-BD7D84316A03}.Debug|Any CPU.Build.0 = Debug|Any CPU
		{E3CAFF30-0448-FD92-C5EB-BD7D84316A03}.Release|Any CPU.ActiveCfg = Release|Any CPU
		{E3CAFF30-0448-FD92-C5EB-BD7D84316A03}.Release|Any CPU.Build.0 = Release|Any CPU
		{E0234116-EE03-8A80-4165-6D38E2F3BA15}.Debug|Any CPU.ActiveCfg = Debug|Any CPU
		{E0234116-EE03-8A80-4165-6D38E2F3BA15}.Debug|Any CPU.Build.0 = Debug|Any CPU
		{E0234116-EE03-8A80-4165-6D38E2F3BA15}.Release|Any CPU.ActiveCfg = Release|Any CPU
		{E0234116-EE03-8A80-4165-6D38E2F3BA15}.Release|Any CPU.Build.0 = Release|Any CPU
		{9A3EA05B-343A-363D-65E8-BAE30F656D72}.Debug|Any CPU.ActiveCfg = Debug|Any CPU
		{9A3EA05B-343A-363D-65E8-BAE30F656D72}.Debug|Any CPU.Build.0 = Debug|Any CPU
		{9A3EA05B-343A-363D-65E8-BAE30F656D72}.Release|Any CPU.ActiveCfg = Release|Any CPU
		{9A3EA05B-343A-363D-65E8-BAE30F656D72}.Release|Any CPU.Build.0 = Release|Any CPU
	EndGlobalSection
	GlobalSection(SolutionProperties) = preSolution
		HideSolutionNode = FALSE
	EndGlobalSection
EndGlobal
