
Microsoft Visual Studio Solution File, Format Version 12.00
# Visual Studio 2017
Project("{FAE04EC0-301F-11D3-BF4B-00C04F79EFBC}") = "Test_Tracker.Plugins", "Test_Tracker.Plugins.csproj", "{D15726AB-062A-1D62-3E5F-D9C1F1581260}"
EndProject
Project("{FAE04EC0-301F-11D3-BF4B-00C04F79EFBC}") = "Test_Tracker", "Test_Tracker.csproj", "{A21FF9FE-86EC-279F-D544-0FD410CAA655}"
EndProject
Project("{FAE04EC0-301F-11D3-BF4B-00C04F79EFBC}") = "Test_Tracker.Editor", "Test_Tracker.Editor.csproj", "{3B29FC28-631C-AD29-ADD6-A327FCD11B09}"
EndProject
Global
	GlobalSection(SolutionConfigurationPlatforms) = preSolution
		Debug|Any CPU = Debug|Any CPU
		Release|Any CPU = Release|Any CPU
	EndGlobalSection
	GlobalSection(ProjectConfigurationPlatforms) = postSolution
		{D15726AB-062A-1D62-3E5F-D9C1F1581260}.Debug|Any CPU.ActiveCfg = Debug|Any CPU
		{D15726AB-062A-1D62-3E5F-D9C1F1581260}.Debug|Any CPU.Build.0 = Debug|Any CPU
		{D15726AB-062A-1D62-3E5F-D9C1F1581260}.Release|Any CPU.ActiveCfg = Release|Any CPU
		{D15726AB-062A-1D62-3E5F-D9C1F1581260}.Release|Any CPU.Build.0 = Release|Any CPU
		{A21FF9FE-86EC-279F-D544-0FD410CAA655}.Debug|Any CPU.ActiveCfg = Debug|Any CPU
		{A21FF9FE-86EC-279F-D544-0FD410CAA655}.Debug|Any CPU.Build.0 = Debug|Any CPU
		{A21FF9FE-86EC-279F-D544-0FD410CAA655}.Release|Any CPU.ActiveCfg = Release|Any CPU
		{A21FF9FE-86EC-279F-D544-0FD410CAA655}.Release|Any CPU.Build.0 = Release|Any CPU
		{3B29FC28-631C-AD29-ADD6-A327FCD11B09}.Debug|Any CPU.ActiveCfg = Debug|Any CPU
		{3B29FC28-631C-AD29-ADD6-A327FCD11B09}.Debug|Any CPU.Build.0 = Debug|Any CPU
		{3B29FC28-631C-AD29-ADD6-A327FCD11B09}.Release|Any CPU.ActiveCfg = Release|Any CPU
		{3B29FC28-631C-AD29-ADD6-A327FCD11B09}.Release|Any CPU.Build.0 = Release|Any CPU
	EndGlobalSection
	GlobalSection(SolutionProperties) = preSolution
		HideSolutionNode = FALSE
	EndGlobalSection
EndGlobal
